
Microsoft Visual Studio Solution File, Format Version 12.00
# Visual Studio 2012
Project("{FAE04EC0-301F-11D3-BF4B-00C04F79EFBC}") = "Demo Application", "DemoApplication\Demo Application.csproj", "{977FC0C6-4FDF-4DD9-AAC0-456D4D79C96C}"
EndProject
Project("{FAE04EC0-301F-11D3-BF4B-00C04F79EFBC}") = "EntityFramework.Implementation", "EntityFramework.Implementation\EntityFramework.Implementation.csproj", "{BCD94CFB-8286-4BD1-8D88-C34C0C48C9EC}"
EndProject
Project("{FAE04EC0-301F-11D3-BF4B-00C04F79EFBC}") = "EntityFramework.Interfaces", "EntityFramework.Interfaces\EntityFramework.Interfaces.csproj", "{90D4492B-ABD8-4FE6-9F15-44ACAFFD8828}"
EndProject
Global
	GlobalSection(SolutionConfigurationPlatforms) = preSolution
		Debug|Any CPU = Debug|Any CPU
		Release|Any CPU = Release|Any CPU
	EndGlobalSection
	GlobalSection(ProjectConfigurationPlatforms) = postSolution
		{977FC0C6-4FDF-4DD9-AAC0-456D4D79C96C}.Debug|Any CPU.ActiveCfg = Debug|Any CPU
		{977FC0C6-4FDF-4DD9-AAC0-456D4D79C96C}.Debug|Any CPU.Build.0 = Debug|Any CPU
		{977FC0C6-4FDF-4DD9-AAC0-456D4D79C96C}.Release|Any CPU.ActiveCfg = Release|Any CPU
		{977FC0C6-4FDF-4DD9-AAC0-456D4D79C96C}.Release|Any CPU.Build.0 = Release|Any CPU
		{BCD94CFB-8286-4BD1-8D88-C34C0C48C9EC}.Debug|Any CPU.ActiveCfg = Debug|Any CPU
		{BCD94CFB-8286-4BD1-8D88-C34C0C48C9EC}.Debug|Any CPU.Build.0 = Debug|Any CPU
		{BCD94CFB-8286-4BD1-8D88-C34C0C48C9EC}.Release|Any CPU.ActiveCfg = Release|Any CPU
		{BCD94CFB-8286-4BD1-8D88-C34C0C48C9EC}.Release|Any CPU.Build.0 = Release|Any CPU
		{90D4492B-ABD8-4FE6-9F15-44ACAFFD8828}.Debug|Any CPU.ActiveCfg = Debug|Any CPU
		{90D4492B-ABD8-4FE6-9F15-44ACAFFD8828}.Debug|Any CPU.Build.0 = Debug|Any CPU
		{90D4492B-ABD8-4FE6-9F15-44ACAFFD8828}.Release|Any CPU.ActiveCfg = Release|Any CPU
		{90D4492B-ABD8-4FE6-9F15-44ACAFFD8828}.Release|Any CPU.Build.0 = Release|Any CPU
	EndGlobalSection
	GlobalSection(SolutionProperties) = preSolution
		HideSolutionNode = FALSE
	EndGlobalSection
EndGlobal
